
Microsoft Visual Studio Solution File, Format Version 12.00
# Visual Studio Version 17
VisualStudioVersion = 17.11.35327.3
MinimumVisualStudioVersion = 10.0.40219.1
Project("{2150E333-8FDC-42A3-9474-1A3956D46DE8}") = "src", "src", "{80C5B44D-80D4-415E-8DD7-91FCA94DB925}"
EndProject
Project("{9A19103F-16F7-4668-BE54-9A1E7A4F7556}") = "h.Server", "src\h.Server\h.Server.csproj", "{7315C36F-A6F4-4EBD-B546-4EAB1296688A}"
EndProject
Project("{9A19103F-16F7-4668-BE54-9A1E7A4F7556}") = "h.Client", "src\h.Client\h.Client.csproj", "{E1544389-FC00-4E4A-AA28-E9ECE7442E17}"
EndProject
Project("{2150E333-8FDC-42A3-9474-1A3956D46DE8}") = "Solution Items", "Solution Items", "{CECCBFC9-81EC-4445-AB28-07CCBC63F673}"
	ProjectSection(SolutionItems) = preProject
		.editorconfig = .editorconfig
		.gitignore = .gitignore
		src\Directory.Packages.props = src\Directory.Packages.props
		README.md = README.md
	EndProjectSection
EndProject
Project("{E53339B2-1760-4266-BCC7-CA923CBCF16C}") = "docker-compose", "docker-compose.dcproj", "{53AF3209-137A-462D-ABF6-EC9FB94C61FE}"
EndProject
Project("{9A19103F-16F7-4668-BE54-9A1E7A4F7556}") = "h.Contracts", "src\h.Contracts\h.Contracts.csproj", "{A452D316-83D1-4233-986B-A6E6555A326E}"
EndProject
Project("{FAE04EC0-301F-11D3-BF4B-00C04F79EFBC}") = "h.Primitives", "src\h.Primitives\h.Primitives.csproj", "{900E422F-AB9B-47AB-80A8-780E1E9BDFC8}"
EndProject
Global
	GlobalSection(SolutionConfigurationPlatforms) = preSolution
		Debug|Any CPU = Debug|Any CPU
		Release|Any CPU = Release|Any CPU
	EndGlobalSection
	GlobalSection(ProjectConfigurationPlatforms) = postSolution
		{7315C36F-A6F4-4EBD-B546-4EAB1296688A}.Debug|Any CPU.ActiveCfg = Debug|Any CPU
		{7315C36F-A6F4-4EBD-B546-4EAB1296688A}.Debug|Any CPU.Build.0 = Debug|Any CPU
		{7315C36F-A6F4-4EBD-B546-4EAB1296688A}.Release|Any CPU.ActiveCfg = Release|Any CPU
		{7315C36F-A6F4-4EBD-B546-4EAB1296688A}.Release|Any CPU.Build.0 = Release|Any CPU
		{E1544389-FC00-4E4A-AA28-E9ECE7442E17}.Debug|Any CPU.ActiveCfg = Debug|Any CPU
		{E1544389-FC00-4E4A-AA28-E9ECE7442E17}.Debug|Any CPU.Build.0 = Debug|Any CPU
		{E1544389-FC00-4E4A-AA28-E9ECE7442E17}.Release|Any CPU.ActiveCfg = Release|Any CPU
		{E1544389-FC00-4E4A-AA28-E9ECE7442E17}.Release|Any CPU.Build.0 = Release|Any CPU
		{53AF3209-137A-462D-ABF6-EC9FB94C61FE}.Debug|Any CPU.ActiveCfg = Debug|Any CPU
		{53AF3209-137A-462D-ABF6-EC9FB94C61FE}.Debug|Any CPU.Build.0 = Debug|Any CPU
		{53AF3209-137A-462D-ABF6-EC9FB94C61FE}.Release|Any CPU.ActiveCfg = Release|Any CPU
		{53AF3209-137A-462D-ABF6-EC9FB94C61FE}.Release|Any CPU.Build.0 = Release|Any CPU
		{A452D316-83D1-4233-986B-A6E6555A326E}.Debug|Any CPU.ActiveCfg = Debug|Any CPU
		{A452D316-83D1-4233-986B-A6E6555A326E}.Debug|Any CPU.Build.0 = Debug|Any CPU
		{A452D316-83D1-4233-986B-A6E6555A326E}.Release|Any CPU.ActiveCfg = Release|Any CPU
		{A452D316-83D1-4233-986B-A6E6555A326E}.Release|Any CPU.Build.0 = Release|Any CPU
		{900E422F-AB9B-47AB-80A8-780E1E9BDFC8}.Debug|Any CPU.ActiveCfg = Debug|Any CPU
		{900E422F-AB9B-47AB-80A8-780E1E9BDFC8}.Debug|Any CPU.Build.0 = Debug|Any CPU
		{900E422F-AB9B-47AB-80A8-780E1E9BDFC8}.Release|Any CPU.ActiveCfg = Release|Any CPU
		{900E422F-AB9B-47AB-80A8-780E1E9BDFC8}.Release|Any CPU.Build.0 = Release|Any CPU
	EndGlobalSection
	GlobalSection(SolutionProperties) = preSolution
		HideSolutionNode = FALSE
	EndGlobalSection
	GlobalSection(NestedProjects) = preSolution
		{7315C36F-A6F4-4EBD-B546-4EAB1296688A} = {80C5B44D-80D4-415E-8DD7-91FCA94DB925}
		{E1544389-FC00-4E4A-AA28-E9ECE7442E17} = {80C5B44D-80D4-415E-8DD7-91FCA94DB925}
		{A452D316-83D1-4233-986B-A6E6555A326E} = {80C5B44D-80D4-415E-8DD7-91FCA94DB925}
		{900E422F-AB9B-47AB-80A8-780E1E9BDFC8} = {80C5B44D-80D4-415E-8DD7-91FCA94DB925}
	EndGlobalSection
	GlobalSection(ExtensibilityGlobals) = postSolution
		SolutionGuid = {68196054-5FCB-4FA5-9E2B-EEBEB6852107}
	EndGlobalSection
EndGlobal
